
Microsoft Visual Studio Solution File, Format Version 12.00
# Visual Studio Version 17
VisualStudioVersion = 17.14.36310.24 d17.14
MinimumVisualStudioVersion = 10.0.40219.1
Project("{FAE04EC0-301F-11D3-BF4B-00C04F79EFBC}") = "Car_Racing", "Car_Racing\Car_Racing.csproj", "{8CAEABE3-D273-4754-BA96-C4AB1FEBEDDD}"
EndProject
Global
	GlobalSection(SolutionConfigurationPlatforms) = preSolution
		Debug|Any CPU = Debug|Any CPU
		Release|Any CPU = Release|Any CPU
	EndGlobalSection
	GlobalSection(ProjectConfigurationPlatforms) = postSolution
		{8CAEABE3-D273-4754-BA96-C4AB1FEBEDDD}.Debug|Any CPU.ActiveCfg = Debug|Any CPU
		{8CAEABE3-D273-4754-BA96-C4AB1FEBEDDD}.Debug|Any CPU.Build.0 = Debug|Any CPU
		{8CAEABE3-D273-4754-BA96-C4AB1FEBEDDD}.Release|Any CPU.ActiveCfg = Release|Any CPU
		{8CAEABE3-D273-4754-BA96-C4AB1FEBEDDD}.Release|Any CPU.Build.0 = Release|Any CPU
	EndGlobalSection
	GlobalSection(SolutionProperties) = preSolution
		HideSolutionNode = FALSE
	EndGlobalSection
	GlobalSection(ExtensibilityGlobals) = postSolution
		SolutionGuid = {BE8E025F-F188-4D2D-879D-F78F0E8567D5}
	EndGlobalSection
EndGlobal
