
Microsoft Visual Studio Solution File, Format Version 12.00
# Visual Studio Version 17
VisualStudioVersion = 17.14.36310.24
MinimumVisualStudioVersion = 10.0.40219.1
Project("{FAE04EC0-301F-11D3-BF4B-00C04F79EFBC}") = "Lab_Task_2", "Lab_Task\Lab_Task_2.csproj", "{1B338CF4-93C8-4B63-96A2-DBA753D93889}"
EndProject
Global
	GlobalSection(SolutionConfigurationPlatforms) = preSolution
		Debug|Any CPU = Debug|Any CPU
		Release|Any CPU = Release|Any CPU
	EndGlobalSection
	GlobalSection(ProjectConfigurationPlatforms) = postSolution
		{1B338CF4-93C8-4B63-96A2-DBA753D93889}.Debug|Any CPU.ActiveCfg = Debug|Any CPU
		{1B338CF4-93C8-4B63-96A2-DBA753D93889}.Debug|Any CPU.Build.0 = Debug|Any CPU
		{1B338CF4-93C8-4B63-96A2-DBA753D93889}.Release|Any CPU.ActiveCfg = Release|Any CPU
		{1B338CF4-93C8-4B63-96A2-DBA753D93889}.Release|Any CPU.Build.0 = Release|Any CPU
	EndGlobalSection
	GlobalSection(SolutionProperties) = preSolution
		HideSolutionNode = FALSE
	EndGlobalSection
	GlobalSection(ExtensibilityGlobals) = postSolution
		SolutionGuid = {C31B3321-40E6-4856-A5E5-C3F8E7C6913C}
	EndGlobalSection
EndGlobal
